<?xml version="1.0" encoding="utf-8"?>
<Project ToolsVersion="4.0" xmlns="http://schemas.microsoft.com/developer/msbuild/2003">
  <ItemGroup>
    <Filter Include="Source Files">
      <UniqueIdentifier>{04a01931-0c17-4859-ae3f-dd40b4fc19ae}</UniqueIdentifier>
      <Extensions>cpp;c;cxx;rc;def;r;odl;idl;hpj;bat</Extensions>
    </Filter>
    <Filter Include="Header Files">
      <UniqueIdentifier>{8beac61a-3ef0-4d31-b292-75217e274258}</UniqueIdentifier>
      <Extensions>h;hpp;hxx;hm;inl</Extensions>
    </Filter>
    <Filter Include="shared">
      <UniqueIdentifier>{a1b2c3d4-1111-2222-3333-444444444401}</UniqueIdentifier>
    </Filter>
    <Filter Include="shared\infrastructure">
      <UniqueIdentifier>{a1b2c3d4-1111-2222-3333-444444444402}</UniqueIdentifier>
    </Filter>
    <Filter Include="shared\infrastructure\persistence">
      <UniqueIdentifier>{a1b2c3d4-1111-2222-3333-444444444403}</UniqueIdentifier>
    </Filter>
    <Filter Include="shared\infrastructure\network">
      <UniqueIdentifier>{a1b2c3d4-1111-2222-3333-444444444404}</UniqueIdentifier>
    </Filter>
    <Filter Include="shared\infrastructure\tick">
      <UniqueIdentifier>{a1b2c3d4-1111-2222-3333-444444444405}</UniqueIdentifier>
    </Filter>
    <Filter Include="features">
      <UniqueIdentifier>{a1b2c3d4-2222-3333-4444-555555555501}</UniqueIdentifier>
    </Filter>
    <Filter Include="features\king-system">
      <UniqueIdentifier>{a1b2c3d4-2222-3333-4444-555555555502}</UniqueIdentifier>
    </Filter>
    <Filter Include="features\king-system\domain">
      <UniqueIdentifier>{a1b2c3d4-2222-3333-4444-555555555503}</UniqueIdentifier>
    </Filter>
    <Filter Include="features\king-system\persistence">
      <UniqueIdentifier>{a1b2c3d4-2222-3333-4444-555555555504}</UniqueIdentifier>
    </Filter>
    <Filter Include="features\gold">
      <UniqueIdentifier>{a1b2c3d4-2222-3333-4444-555555555505}</UniqueIdentifier>
    </Filter>
    <Filter Include="features\gold\domain">
      <UniqueIdentifier>{a1b2c3d4-2222-3333-4444-555555555506}</UniqueIdentifier>
    </Filter>
    <Filter Include="features\gold\handlers">
      <UniqueIdentifier>{a1b2c3d4-2222-3333-4444-555555555507}</UniqueIdentifier>
    </Filter>
    <Filter Include="features\chat">
      <UniqueIdentifier>{a1b2c3d4-2222-3333-4444-555555555508}</UniqueIdentifier>
    </Filter>
    <Filter Include="features\chat\handlers">
      <UniqueIdentifier>{a1b2c3d4-2222-3333-4444-555555555509}</UniqueIdentifier>
    </Filter>
    <Filter Include="features\item-repair">
      <UniqueIdentifier>{a1b2c3d4-2222-3333-4444-55555555550C}</UniqueIdentifier>
    </Filter>
    <Filter Include="features\item-repair\handlers">
      <UniqueIdentifier>{a1b2c3d4-2222-3333-4444-55555555550D}</UniqueIdentifier>
    </Filter>
    <Filter Include="features\loyalty">
      <UniqueIdentifier>{a1b2c3d4-2222-3333-4444-55555555550A}</UniqueIdentifier>
    </Filter>
    <Filter Include="features\loyalty\handlers">
      <UniqueIdentifier>{a1b2c3d4-2222-3333-4444-55555555550B}</UniqueIdentifier>
    </Filter>
    <Filter Include="features\promotion">
      <UniqueIdentifier>{a1b2c3d4-2222-3333-4444-55555555550E}</UniqueIdentifier>
    </Filter>
    <Filter Include="features\promotion\handlers">
      <UniqueIdentifier>{a1b2c3d4-2222-3333-4444-55555555550F}</UniqueIdentifier>
    </Filter>
  </ItemGroup>
  <ItemGroup>
    <ClCompile Include="AISocket.cpp">
      <Filter>Source Files</Filter>
    </ClCompile>
    <ClCompile Include="EVENT.cpp">
      <Filter>Source Files</Filter>
    </ClCompile>
    <ClCompile Include="EVENT_DATA.cpp">
      <Filter>Source Files</Filter>
    </ClCompile>
    <ClCompile Include="EXEC.cpp">
      <Filter>Source Files</Filter>
    </ClCompile>
    <ClCompile Include="GameEvent.cpp">
      <Filter>Source Files</Filter>
    </ClCompile>
    <ClCompile Include="Knights.cpp">
      <Filter>Source Files</Filter>
    </ClCompile>
    <ClCompile Include="KnightsManager.cpp">
      <Filter>Source Files</Filter>
    </ClCompile>
    <ClCompile Include="LOGIC_ELSE.cpp">
      <Filter>Source Files</Filter>
    </ClCompile>
    <ClCompile Include="MagicProcess.cpp">
      <Filter>Source Files</Filter>
    </ClCompile>
    <ClCompile Include="Map.cpp">
      <Filter>Source Files</Filter>
    </ClCompile>
    <ClCompile Include="Npc.cpp">
      <Filter>Source Files</Filter>
    </ClCompile>
    <ClCompile Include="pch.cpp">
      <Filter>Source Files</Filter>
    </ClCompile>
    <ClCompile Include="UdpSocket.cpp">
      <Filter>Source Files</Filter>
    </ClCompile>
    <ClCompile Include="User.cpp">
      <Filter>Source Files</Filter>
    </ClCompile>
    <ClCompile Include="EbenezerResourceFormatter.cpp">
      <Filter>Source Files</Filter>
    </ClCompile>
    <ClCompile Include="OperationMessage.cpp">
      <Filter>Source Files</Filter>
    </ClCompile>
    <ClCompile Include="KnightsSiegeWar.cpp">
      <Filter>Source Files</Filter>
    </ClCompile>
    <ClCompile Include="RecvUDPThread.cpp">
      <Filter>Source Files</Filter>
    </ClCompile>
    <ClCompile Include="SendWorkerThread.cpp">
      <Filter>Source Files</Filter>
    </ClCompile>
    <ClCompile Include="EbenezerSocketManager.cpp">
      <Filter>Source Files</Filter>
    </ClCompile>
    <ClCompile Include="EbenezerReadQueueThread.cpp">
      <Filter>Source Files</Filter>
    </ClCompile>
    <ClCompile Include="EbenezerApp.cpp">
      <Filter>Source Files</Filter>
    </ClCompile>
    <ClCompile Include="EbenezerLogger.cpp">
      <Filter>Source Files</Filter>
    </ClCompile>
    <ClCompile Include="shared\infrastructure\persistence\SqlHelpers.cpp">
      <Filter>shared\infrastructure\persistence</Filter>
    </ClCompile>
    <ClCompile Include="shared\infrastructure\network\PacketRouter.cpp">
      <Filter>shared\infrastructure\network</Filter>
    </ClCompile>
    <ClCompile Include="shared\infrastructure\tick\TickScheduler.cpp">
      <Filter>shared\infrastructure\tick</Filter>
    </ClCompile>
    <ClCompile Include="features\king-system\persistence\KingSystemRepository.cpp">
      <Filter>features\king-system\persistence</Filter>
    </ClCompile>
    <ClCompile Include="features\gold\handlers\GoldService.cpp">
      <Filter>features\gold\handlers</Filter>
    </ClCompile>
    <ClCompile Include="features\chat\handlers\ChatService.cpp">
      <Filter>features\chat\handlers</Filter>
    </ClCompile>
    <ClCompile Include="features\chat\ChatModule.cpp">
      <Filter>features\chat</Filter>
    </ClCompile>
    <ClCompile Include="features\item-repair\handlers\ItemRepairService.cpp">
      <Filter>features\item-repair\handlers</Filter>
    </ClCompile>
    <ClCompile Include="features\item-repair\ItemRepairModule.cpp">
      <Filter>features\item-repair</Filter>
    </ClCompile>
    <ClCompile Include="features\loyalty\handlers\LoyaltyService.cpp">
      <Filter>features\loyalty\handlers</Filter>
    </ClCompile>
    <ClCompile Include="features\promotion\handlers\PromotionService.cpp">
      <Filter>features\promotion\handlers</Filter>
    </ClCompile>
    <ClCompile Include="features\promotion\PromotionModule.cpp">
      <Filter>features\promotion</Filter>
    </ClCompile>
  </ItemGroup>
  <ItemGroup>
    <ClInclude Include="AISocket.h">
      <Filter>Header Files</Filter>
    </ClInclude>
    <ClInclude Include="Define.h">
      <Filter>Header Files</Filter>
    </ClInclude>
    <ClInclude Include="EVENT.h">
      <Filter>Header Files</Filter>
    </ClInclude>
    <ClInclude Include="EVENT_DATA.h">
      <Filter>Header Files</Filter>
    </ClInclude>
    <ClInclude Include="EXEC.h">
      <Filter>Header Files</Filter>
    </ClInclude>
    <ClInclude Include="GameDefine.h">
      <Filter>Header Files</Filter>
    </ClInclude>
    <ClInclude Include="GameEvent.h">
      <Filter>Header Files</Filter>
    </ClInclude>
    <ClInclude Include="Knights.h">
      <Filter>Header Files</Filter>
    </ClInclude>
    <ClInclude Include="KnightsManager.h">
      <Filter>Header Files</Filter>
    </ClInclude>
    <ClInclude Include="LOGIC_ELSE.h">
      <Filter>Header Files</Filter>
    </ClInclude>
    <ClInclude Include="MagicProcess.h">
      <Filter>Header Files</Filter>
    </ClInclude>
    <ClInclude Include="Map.h">
      <Filter>Header Files</Filter>
    </ClInclude>
    <ClInclude Include="Npc.h">
      <Filter>Header Files</Filter>
    </ClInclude>
    <ClInclude Include="Region.h">
      <Filter>Header Files</Filter>
    </ClInclude>
    <ClInclude Include="UdpSocket.h">
      <Filter>Header Files</Filter>
    </ClInclude>
    <ClInclude Include="User.h">
      <Filter>Header Files</Filter>
    </ClInclude>
    <ClInclude Include="resource.h">
      <Filter>Header Files</Filter>
    </ClInclude>
    <ClInclude Include="db_resources.h">
      <Filter>Header Files</Filter>
    </ClInclude>
    <ClInclude Include="EbenezerResourceFormatter.h">
      <Filter>Header Files</Filter>
    </ClInclude>
    <ClInclude Include="OperationMessage.h">
      <Filter>Header Files</Filter>
    </ClInclude>
    <ClInclude Include="KnightsSiegeWar.h">
      <Filter>Header Files</Filter>
    </ClInclude>
    <ClInclude Include="RecvUDPThread.h">
      <Filter>Header Files</Filter>
    </ClInclude>
    <ClInclude Include="SendWorkerThread.h">
      <Filter>Header Files</Filter>
    </ClInclude>
    <ClInclude Include="EbenezerSocketManager.h">
      <Filter>Header Files</Filter>
    </ClInclude>
    <ClInclude Include="EbenezerReadQueueThread.h">
      <Filter>Header Files</Filter>
    </ClInclude>
    <ClInclude Include="pch.h">
      <Filter>Header Files</Filter>
    </ClInclude>
    <ClInclude Include="EbenezerApp.h">
      <Filter>Header Files</Filter>
    </ClInclude>
    <ClInclude Include="EbenezerLogger.h">
      <Filter>Header Files</Filter>
    </ClInclude>
    <ClInclude Include="..\shared-server\_USER_DATA.h">
      <Filter>Header Files</Filter>
    </ClInclude>
    <ClInclude Include="shared\infrastructure\persistence\SqlHelpers.h">
      <Filter>shared\infrastructure\persistence</Filter>
    </ClInclude>
    <ClInclude Include="shared\infrastructure\network\PacketRouter.h">
      <Filter>shared\infrastructure\network</Filter>
    </ClInclude>
    <ClInclude Include="shared\infrastructure\tick\TickScheduler.h">
      <Filter>shared\infrastructure\tick</Filter>
    </ClInclude>
    <ClInclude Include="features\king-system\domain\KingConstants.h">
      <Filter>features\king-system\domain</Filter>
    </ClInclude>
    <ClInclude Include="features\king-system\domain\KingNationState.h">
      <Filter>features\king-system\domain</Filter>
    </ClInclude>
    <ClInclude Include="features\king-system\persistence\KingSystemRepository.h">
      <Filter>features\king-system\persistence</Filter>
    </ClInclude>
    <ClInclude Include="features\gold\domain\GoldBalance.h">
      <Filter>features\gold\domain</Filter>
    </ClInclude>
    <ClInclude Include="features\gold\handlers\GoldService.h">
      <Filter>features\gold\handlers</Filter>
    </ClInclude>
    <ClInclude Include="features\chat\handlers\ChatService.h">
      <Filter>features\chat\handlers</Filter>
    </ClInclude>
    <ClInclude Include="features\chat\ChatModule.h">
      <Filter>features\chat</Filter>
    </ClInclude>
    <ClInclude Include="features\item-repair\handlers\ItemRepairService.h">
      <Filter>features\item-repair\handlers</Filter>
    </ClInclude>
    <ClInclude Include="features\item-repair\ItemRepairModule.h">
      <Filter>features\item-repair</Filter>
    </ClInclude>
    <ClInclude Include="features\loyalty\handlers\LoyaltyService.h">
      <Filter>features\loyalty\handlers</Filter>
    </ClInclude>
    <ClInclude Include="features\promotion\handlers\PromotionService.h">
      <Filter>features\promotion\handlers</Filter>
    </ClInclude>
    <ClInclude Include="features\promotion\PromotionModule.h">
      <Filter>features\promotion</Filter>
    </ClInclude>
  </ItemGroup>
</Project>